
Microsoft Visual Studio Solution File, Format Version 12.00
# Visual Studio Version 17
VisualStudioVersion = 17.0.31717.71
MinimumVisualStudioVersion = 10.0.40219.1
Project("{9A19103F-16F7-4668-BE54-9A1E7A4F7556}") = "LUHN-mod-n", "src\LUHN-mod-n.csproj", "{584971EA-9120-40F1-921B-A6E1CE90824E}"
EndProject
Project("{9A19103F-16F7-4668-BE54-9A1E7A4F7556}") = "LUHN-mod-n.Tests", "test\LUHN-mod-n.Tests.csproj", "{D28967F0-25CC-4588-9FA6-F65AD8817EC2}"
EndProject
Global
	GlobalSection(SolutionConfigurationPlatforms) = preSolution
		Debug|Any CPU = Debug|Any CPU
		Release|Any CPU = Release|Any CPU
	EndGlobalSection
	GlobalSection(ProjectConfigurationPlatforms) = postSolution
		{584971EA-9120-40F1-921B-A6E1CE90824E}.Debug|Any CPU.ActiveCfg = Debug|Any CPU
		{584971EA-9120-40F1-921B-A6E1CE90824E}.Debug|Any CPU.Build.0 = Debug|Any CPU
		{584971EA-9120-40F1-921B-A6E1CE90824E}.Release|Any CPU.ActiveCfg = Release|Any CPU
		{584971EA-9120-40F1-921B-A6E1CE90824E}.Release|Any CPU.Build.0 = Release|Any CPU
		{D28967F0-25CC-4588-9FA6-F65AD8817EC2}.Debug|Any CPU.ActiveCfg = Debug|Any CPU
		{D28967F0-25CC-4588-9FA6-F65AD8817EC2}.Debug|Any CPU.Build.0 = Debug|Any CPU
		{D28967F0-25CC-4588-9FA6-F65AD8817EC2}.Release|Any CPU.ActiveCfg = Release|Any CPU
		{D28967F0-25CC-4588-9FA6-F65AD8817EC2}.Release|Any CPU.Build.0 = Release|Any CPU
	EndGlobalSection
	GlobalSection(SolutionProperties) = preSolution
		HideSolutionNode = FALSE
	EndGlobalSection
	GlobalSection(ExtensibilityGlobals) = postSolution
		SolutionGuid = {574E2E2D-E6BF-450A-8715-82631305D415}
	EndGlobalSection
EndGlobal
